
Microsoft Visual Studio Solution File, Format Version 12.00
# Visual Studio Version 17
VisualStudioVersion = 17.14.36518.9 d17.14
MinimumVisualStudioVersion = 10.0.40219.1
Project("{FAE04EC0-301F-11D3-BF4B-00C04F79EFBC}") = "RockPaperScissors.Backend", "RockPaperScissors.Backend\RockPaperScissors.Backend.csproj", "{B210C153-5505-4ED9-8E1B-2EEA30909419}"
EndProject
Global
	GlobalSection(SolutionConfigurationPlatforms) = preSolution
		Debug|Any CPU = Debug|Any CPU
		Release|Any CPU = Release|Any CPU
	EndGlobalSection
	GlobalSection(ProjectConfigurationPlatforms) = postSolution
		{B210C153-5505-4ED9-8E1B-2EEA30909419}.Debug|Any CPU.ActiveCfg = Debug|Any CPU
		{B210C153-5505-4ED9-8E1B-2EEA30909419}.Debug|Any CPU.Build.0 = Debug|Any CPU
		{B210C153-5505-4ED9-8E1B-2EEA30909419}.Release|Any CPU.ActiveCfg = Release|Any CPU
		{B210C153-5505-4ED9-8E1B-2EEA30909419}.Release|Any CPU.Build.0 = Release|Any CPU
	EndGlobalSection
	GlobalSection(SolutionProperties) = preSolution
		HideSolutionNode = FALSE
	EndGlobalSection
	GlobalSection(ExtensibilityGlobals) = postSolution
		SolutionGuid = {018F9225-DAE1-4E79-9CA7-396C7164C21E}
	EndGlobalSection
EndGlobal
